
Microsoft Visual Studio Solution File, Format Version 12.00
# Visual Studio 15
VisualStudioVersion = 15.0.27703.2047
MinimumVisualStudioVersion = 10.0.40219.1
Project("{FAE04EC0-301F-11D3-BF4B-00C04F79EFBC}") = "Tried1.Android", "Tried1\Tried1.Android\Tried1.Android.csproj", "{EF0A541B-8885-431A-AAAE-294D46106D8C}"
EndProject
Project("{FAE04EC0-301F-11D3-BF4B-00C04F79EFBC}") = "Tried1.iOS", "Tried1\Tried1.iOS\Tried1.iOS.csproj", "{4E386AEE-9AF1-4379-8EF1-6A2901D1F2F9}"
EndProject
Project("{9A19103F-16F7-4668-BE54-9A1E7A4F7556}") = "Tried1", "Tried1\Tried1\Tried1.csproj", "{129FBA94-DE16-4B55-B95A-F5A067FF3355}"
EndProject
Project("{FAE04EC0-301F-11D3-BF4B-00C04F79EFBC}") = "Model", "Model\Model.csproj", "{69847957-B447-4A8D-ACED-11E6F7FBD4FA}"
EndProject
Global
	GlobalSection(SolutionConfigurationPlatforms) = preSolution
		Ad-Hoc|Any CPU = Ad-Hoc|Any CPU
		Ad-Hoc|iPhone = Ad-Hoc|iPhone
		Ad-Hoc|iPhoneSimulator = Ad-Hoc|iPhoneSimulator
		AppStore|Any CPU = AppStore|Any CPU
		AppStore|iPhone = AppStore|iPhone
		AppStore|iPhoneSimulator = AppStore|iPhoneSimulator
		Debug|Any CPU = Debug|Any CPU
		Debug|iPhone = Debug|iPhone
		Debug|iPhoneSimulator = Debug|iPhoneSimulator
		Release|Any CPU = Release|Any CPU
		Release|iPhone = Release|iPhone
		Release|iPhoneSimulator = Release|iPhoneSimulator
	EndGlobalSection
	GlobalSection(ProjectConfigurationPlatforms) = postSolution
		{EF0A541B-8885-431A-AAAE-294D46106D8C}.Ad-Hoc|Any CPU.ActiveCfg = Release|Any CPU
		{EF0A541B-8885-431A-AAAE-294D46106D8C}.Ad-Hoc|Any CPU.Build.0 = Release|Any CPU
		{EF0A541B-8885-431A-AAAE-294D46106D8C}.Ad-Hoc|Any CPU.Deploy.0 = Release|Any CPU
		{EF0A541B-8885-431A-AAAE-294D46106D8C}.Ad-Hoc|iPhone.ActiveCfg = Release|Any CPU
		{EF0A541B-8885-431A-AAAE-294D46106D8C}.Ad-Hoc|iPhone.Build.0 = Release|Any CPU
		{EF0A541B-8885-431A-AAAE-294D46106D8C}.Ad-Hoc|iPhone.Deploy.0 = Release|Any CPU
		{EF0A541B-8885-431A-AAAE-294D46106D8C}.Ad-Hoc|iPhoneSimulator.ActiveCfg = Release|Any CPU
		{EF0A541B-8885-431A-AAAE-294D46106D8C}.Ad-Hoc|iPhoneSimulator.Build.0 = Release|Any CPU
		{EF0A541B-8885-431A-AAAE-294D46106D8C}.Ad-Hoc|iPhoneSimulator.Deploy.0 = Release|Any CPU
		{EF0A541B-8885-431A-AAAE-294D46106D8C}.AppStore|Any CPU.ActiveCfg = Release|Any CPU
		{EF0A541B-8885-431A-AAAE-294D46106D8C}.AppStore|Any CPU.Build.0 = Release|Any CPU
		{EF0A541B-8885-431A-AAAE-294D46106D8C}.AppStore|Any CPU.Deploy.0 = Release|Any CPU
		{EF0A541B-8885-431A-AAAE-294D46106D8C}.AppStore|iPhone.ActiveCfg = Release|Any CPU
		{EF0A541B-8885-431A-AAAE-294D46106D8C}.AppStore|iPhone.Build.0 = Release|Any CPU
		{EF0A541B-8885-431A-AAAE-294D46106D8C}.AppStore|iPhone.Deploy.0 = Release|Any CPU
		{EF0A541B-8885-431A-AAAE-294D46106D8C}.AppStore|iPhoneSimulator.ActiveCfg = Release|Any CPU
		{EF0A541B-8885-431A-AAAE-294D46106D8C}.AppStore|iPhoneSimulator.Build.0 = Release|Any CPU
		{EF0A541B-8885-431A-AAAE-294D46106D8C}.AppStore|iPhoneSimulator.Deploy.0 = Release|Any CPU
		{EF0A541B-8885-431A-AAAE-294D46106D8C}.Debug|Any CPU.ActiveCfg = Debug|Any CPU
		{EF0A541B-8885-431A-AAAE-294D46106D8C}.Debug|Any CPU.Build.0 = Debug|Any CPU
		{EF0A541B-8885-431A-AAAE-294D46106D8C}.Debug|Any CPU.Deploy.0 = Debug|Any CPU
		{EF0A541B-8885-431A-AAAE-294D46106D8C}.Debug|iPhone.ActiveCfg = Debug|Any CPU
		{EF0A541B-8885-431A-AAAE-294D46106D8C}.Debug|iPhone.Build.0 = Debug|Any CPU
		{EF0A541B-8885-431A-AAAE-294D46106D8C}.Debug|iPhone.Deploy.0 = Debug|Any CPU
		{EF0A541B-8885-431A-AAAE-294D46106D8C}.Debug|iPhoneSimulator.ActiveCfg = Debug|Any CPU
		{EF0A541B-8885-431A-AAAE-294D46106D8C}.Debug|iPhoneSimulator.Build.0 = Debug|Any CPU
		{EF0A541B-8885-431A-AAAE-294D46106D8C}.Debug|iPhoneSimulator.Deploy.0 = Debug|Any CPU
		{EF0A541B-8885-431A-AAAE-294D46106D8C}.Release|Any CPU.ActiveCfg = Release|Any CPU
		{EF0A541B-8885-431A-AAAE-294D46106D8C}.Release|Any CPU.Build.0 = Release|Any CPU
		{EF0A541B-8885-431A-AAAE-294D46106D8C}.Release|Any CPU.Deploy.0 = Release|Any CPU
		{EF0A541B-8885-431A-AAAE-294D46106D8C}.Release|iPhone.ActiveCfg = Release|Any CPU
		{EF0A541B-8885-431A-AAAE-294D46106D8C}.Release|iPhone.Build.0 = Release|Any CPU
		{EF0A541B-8885-431A-AAAE-294D46106D8C}.Release|iPhone.Deploy.0 = Release|Any CPU
		{EF0A541B-8885-431A-AAAE-294D46106D8C}.Release|iPhoneSimulator.ActiveCfg = Release|Any CPU
		{EF0A541B-8885-431A-AAAE-294D46106D8C}.Release|iPhoneSimulator.Build.0 = Release|Any CPU
		{EF0A541B-8885-431A-AAAE-294D46106D8C}.Release|iPhoneSimulator.Deploy.0 = Release|Any CPU
		{4E386AEE-9AF1-4379-8EF1-6A2901D1F2F9}.Ad-Hoc|Any CPU.ActiveCfg = Ad-Hoc|iPhone
		{4E386AEE-9AF1-4379-8EF1-6A2901D1F2F9}.Ad-Hoc|Any CPU.Build.0 = Ad-Hoc|iPhone
		{4E386AEE-9AF1-4379-8EF1-6A2901D1F2F9}.Ad-Hoc|Any CPU.Deploy.0 = Ad-Hoc|iPhone
		{4E386AEE-9AF1-4379-8EF1-6A2901D1F2F9}.Ad-Hoc|iPhone.ActiveCfg = Ad-Hoc|iPhone
		{4E386AEE-9AF1-4379-8EF1-6A2901D1F2F9}.Ad-Hoc|iPhone.Build.0 = Ad-Hoc|iPhone
		{4E386AEE-9AF1-4379-8EF1-6A2901D1F2F9}.Ad-Hoc|iPhone.Deploy.0 = Ad-Hoc|iPhone
		{4E386AEE-9AF1-4379-8EF1-6A2901D1F2F9}.Ad-Hoc|iPhoneSimulator.ActiveCfg = Ad-Hoc|iPhoneSimulator
		{4E386AEE-9AF1-4379-8EF1-6A2901D1F2F9}.Ad-Hoc|iPhoneSimulator.Build.0 = Ad-Hoc|iPhoneSimulator
		{4E386AEE-9AF1-4379-8EF1-6A2901D1F2F9}.Ad-Hoc|iPhoneSimulator.Deploy.0 = Ad-Hoc|iPhoneSimulator
		{4E386AEE-9AF1-4379-8EF1-6A2901D1F2F9}.AppStore|Any CPU.ActiveCfg = AppStore|iPhone
		{4E386AEE-9AF1-4379-8EF1-6A2901D1F2F9}.AppStore|Any CPU.Build.0 = AppStore|iPhone
		{4E386AEE-9AF1-4379-8EF1-6A2901D1F2F9}.AppStore|Any CPU.Deploy.0 = AppStore|iPhone
		{4E386AEE-9AF1-4379-8EF1-6A2901D1F2F9}.AppStore|iPhone.ActiveCfg = AppStore|iPhone
		{4E386AEE-9AF1-4379-8EF1-6A2901D1F2F9}.AppStore|iPhone.Build.0 = AppStore|iPhone
		{4E386AEE-9AF1-4379-8EF1-6A2901D1F2F9}.AppStore|iPhone.Deploy.0 = AppStore|iPhone
		{4E386AEE-9AF1-4379-8EF1-6A2901D1F2F9}.AppStore|iPhoneSimulator.ActiveCfg = AppStore|iPhoneSimulator
		{4E386AEE-9AF1-4379-8EF1-6A2901D1F2F9}.AppStore|iPhoneSimulator.Build.0 = AppStore|iPhoneSimulator
		{4E386AEE-9AF1-4379-8EF1-6A2901D1F2F9}.AppStore|iPhoneSimulator.Deploy.0 = AppStore|iPhoneSimulator
		{4E386AEE-9AF1-4379-8EF1-6A2901D1F2F9}.Debug|Any CPU.ActiveCfg = Debug|iPhoneSimulator
		{4E386AEE-9AF1-4379-8EF1-6A2901D1F2F9}.Debug|Any CPU.Build.0 = Debug|iPhoneSimulator
		{4E386AEE-9AF1-4379-8EF1-6A2901D1F2F9}.Debug|Any CPU.Deploy.0 = Debug|iPhoneSimulator
		{4E386AEE-9AF1-4379-8EF1-6A2901D1F2F9}.Debug|iPhone.ActiveCfg = Debug|iPhone
		{4E386AEE-9AF1-4379-8EF1-6A2901D1F2F9}.Debug|iPhone.Build.0 = Debug|iPhone
		{4E386AEE-9AF1-4379-8EF1-6A2901D1F2F9}.Debug|iPhone.Deploy.0 = Debug|iPhone
		{4E386AEE-9AF1-4379-8EF1-6A2901D1F2F9}.Debug|iPhoneSimulator.ActiveCfg = Debug|iPhoneSimulator
		{4E386AEE-9AF1-4379-8EF1-6A2901D1F2F9}.Debug|iPhoneSimulator.Build.0 = Debug|iPhoneSimulator
		{4E386AEE-9AF1-4379-8EF1-6A2901D1F2F9}.Debug|iPhoneSimulator.Deploy.0 = Debug|iPhoneSimulator
		{4E386AEE-9AF1-4379-8EF1-6A2901D1F2F9}.Release|Any CPU.ActiveCfg = Release|iPhone
		{4E386AEE-9AF1-4379-8EF1-6A2901D1F2F9}.Release|Any CPU.Build.0 = Release|iPhone
		{4E386AEE-9AF1-4379-8EF1-6A2901D1F2F9}.Release|Any CPU.Deploy.0 = Release|iPhone
		{4E386AEE-9AF1-4379-8EF1-6A2901D1F2F9}.Release|iPhone.ActiveCfg = Release|iPhone
		{4E386AEE-9AF1-4379-8EF1-6A2901D1F2F9}.Release|iPhone.Build.0 = Release|iPhone
		{4E386AEE-9AF1-4379-8EF1-6A2901D1F2F9}.Release|iPhone.Deploy.0 = Release|iPhone
		{4E386AEE-9AF1-4379-8EF1-6A2901D1F2F9}.Release|iPhoneSimulator.ActiveCfg = Release|iPhoneSimulator
		{4E386AEE-9AF1-4379-8EF1-6A2901D1F2F9}.Release|iPhoneSimulator.Build.0 = Release|iPhoneSimulator
		{4E386AEE-9AF1-4379-8EF1-6A2901D1F2F9}.Release|iPhoneSimulator.Deploy.0 = Release|iPhoneSimulator
		{129FBA94-DE16-4B55-B95A-F5A067FF3355}.Ad-Hoc|Any CPU.ActiveCfg = Debug|Any CPU
		{129FBA94-DE16-4B55-B95A-F5A067FF3355}.Ad-Hoc|Any CPU.Build.0 = Debug|Any CPU
		{129FBA94-DE16-4B55-B95A-F5A067FF3355}.Ad-Hoc|Any CPU.Deploy.0 = Debug|Any CPU
		{129FBA94-DE16-4B55-B95A-F5A067FF3355}.Ad-Hoc|iPhone.ActiveCfg = Debug|Any CPU
		{129FBA94-DE16-4B55-B95A-F5A067FF3355}.Ad-Hoc|iPhone.Build.0 = Debug|Any CPU
		{129FBA94-DE16-4B55-B95A-F5A067FF3355}.Ad-Hoc|iPhone.Deploy.0 = Debug|Any CPU
		{129FBA94-DE16-4B55-B95A-F5A067FF3355}.Ad-Hoc|iPhoneSimulator.ActiveCfg = Debug|Any CPU
		{129FBA94-DE16-4B55-B95A-F5A067FF3355}.Ad-Hoc|iPhoneSimulator.Build.0 = Debug|Any CPU
		{129FBA94-DE16-4B55-B95A-F5A067FF3355}.Ad-Hoc|iPhoneSimulator.Deploy.0 = Debug|Any CPU
		{129FBA94-DE16-4B55-B95A-F5A067FF3355}.AppStore|Any CPU.ActiveCfg = Debug|Any CPU
		{129FBA94-DE16-4B55-B95A-F5A067FF3355}.AppStore|Any CPU.Build.0 = Debug|Any CPU
		{129FBA94-DE16-4B55-B95A-F5A067FF3355}.AppStore|Any CPU.Deploy.0 = Debug|Any CPU
		{129FBA94-DE16-4B55-B95A-F5A067FF3355}.AppStore|iPhone.ActiveCfg = Debug|Any CPU
		{129FBA94-DE16-4B55-B95A-F5A067FF3355}.AppStore|iPhone.Build.0 = Debug|Any CPU
		{129FBA94-DE16-4B55-B95A-F5A067FF3355}.AppStore|iPhone.Deploy.0 = Debug|Any CPU
		{129FBA94-DE16-4B55-B95A-F5A067FF3355}.AppStore|iPhoneSimulator.ActiveCfg = Debug|Any CPU
		{129FBA94-DE16-4B55-B95A-F5A067FF3355}.AppStore|iPhoneSimulator.Build.0 = Debug|Any CPU
		{129FBA94-DE16-4B55-B95A-F5A067FF3355}.AppStore|iPhoneSimulator.Deploy.0 = Debug|Any CPU
		{129FBA94-DE16-4B55-B95A-F5A067FF3355}.Debug|Any CPU.ActiveCfg = Debug|Any CPU
		{129FBA94-DE16-4B55-B95A-F5A067FF3355}.Debug|Any CPU.Build.0 = Debug|Any CPU
		{129FBA94-DE16-4B55-B95A-F5A067FF3355}.Debug|Any CPU.Deploy.0 = Debug|Any CPU
		{129FBA94-DE16-4B55-B95A-F5A067FF3355}.Debug|iPhone.ActiveCfg = Debug|Any CPU
		{129FBA94-DE16-4B55-B95A-F5A067FF3355}.Debug|iPhone.Build.0 = Debug|Any CPU
		{129FBA94-DE16-4B55-B95A-F5A067FF3355}.Debug|iPhone.Deploy.0 = Debug|Any CPU
		{129FBA94-DE16-4B55-B95A-F5A067FF3355}.Debug|iPhoneSimulator.ActiveCfg = Debug|Any CPU
		{129FBA94-DE16-4B55-B95A-F5A067FF3355}.Debug|iPhoneSimulator.Build.0 = Debug|Any CPU
		{129FBA94-DE16-4B55-B95A-F5A067FF3355}.Debug|iPhoneSimulator.Deploy.0 = Debug|Any CPU
		{129FBA94-DE16-4B55-B95A-F5A067FF3355}.Release|Any CPU.ActiveCfg = Release|Any CPU
		{129FBA94-DE16-4B55-B95A-F5A067FF3355}.Release|Any CPU.Build.0 = Release|Any CPU
		{129FBA94-DE16-4B55-B95A-F5A067FF3355}.Release|Any CPU.Deploy.0 = Release|Any CPU
		{129FBA94-DE16-4B55-B95A-F5A067FF3355}.Release|iPhone.ActiveCfg = Release|Any CPU
		{129FBA94-DE16-4B55-B95A-F5A067FF3355}.Release|iPhone.Build.0 = Release|Any CPU
		{129FBA94-DE16-4B55-B95A-F5A067FF3355}.Release|iPhone.Deploy.0 = Release|Any CPU
		{129FBA94-DE16-4B55-B95A-F5A067FF3355}.Release|iPhoneSimulator.ActiveCfg = Release|Any CPU
		{129FBA94-DE16-4B55-B95A-F5A067FF3355}.Release|iPhoneSimulator.Build.0 = Release|Any CPU
		{129FBA94-DE16-4B55-B95A-F5A067FF3355}.Release|iPhoneSimulator.Deploy.0 = Release|Any CPU
		{69847957-B447-4A8D-ACED-11E6F7FBD4FA}.Ad-Hoc|Any CPU.ActiveCfg = Release|Any CPU
		{69847957-B447-4A8D-ACED-11E6F7FBD4FA}.Ad-Hoc|Any CPU.Build.0 = Release|Any CPU
		{69847957-B447-4A8D-ACED-11E6F7FBD4FA}.Ad-Hoc|iPhone.ActiveCfg = Release|Any CPU
		{69847957-B447-4A8D-ACED-11E6F7FBD4FA}.Ad-Hoc|iPhone.Build.0 = Release|Any CPU
		{69847957-B447-4A8D-ACED-11E6F7FBD4FA}.Ad-Hoc|iPhoneSimulator.ActiveCfg = Release|Any CPU
		{69847957-B447-4A8D-ACED-11E6F7FBD4FA}.Ad-Hoc|iPhoneSimulator.Build.0 = Release|Any CPU
		{69847957-B447-4A8D-ACED-11E6F7FBD4FA}.AppStore|Any CPU.ActiveCfg = Release|Any CPU
		{69847957-B447-4A8D-ACED-11E6F7FBD4FA}.AppStore|Any CPU.Build.0 = Release|Any CPU
		{69847957-B447-4A8D-ACED-11E6F7FBD4FA}.AppStore|iPhone.ActiveCfg = Release|Any CPU
		{69847957-B447-4A8D-ACED-11E6F7FBD4FA}.AppStore|iPhone.Build.0 = Release|Any CPU
		{69847957-B447-4A8D-ACED-11E6F7FBD4FA}.AppStore|iPhoneSimulator.ActiveCfg = Release|Any CPU
		{69847957-B447-4A8D-ACED-11E6F7FBD4FA}.AppStore|iPhoneSimulator.Build.0 = Release|Any CPU
		{69847957-B447-4A8D-ACED-11E6F7FBD4FA}.Debug|Any CPU.ActiveCfg = Debug|Any CPU
		{69847957-B447-4A8D-ACED-11E6F7FBD4FA}.Debug|Any CPU.Build.0 = Debug|Any CPU
		{69847957-B447-4A8D-ACED-11E6F7FBD4FA}.Debug|iPhone.ActiveCfg = Debug|Any CPU
		{69847957-B447-4A8D-ACED-11E6F7FBD4FA}.Debug|iPhone.Build.0 = Debug|Any CPU
		{69847957-B447-4A8D-ACED-11E6F7FBD4FA}.Debug|iPhoneSimulator.ActiveCfg = Debug|Any CPU
		{69847957-B447-4A8D-ACED-11E6F7FBD4FA}.Debug|iPhoneSimulator.Build.0 = Debug|Any CPU
		{69847957-B447-4A8D-ACED-11E6F7FBD4FA}.Release|Any CPU.ActiveCfg = Release|Any CPU
		{69847957-B447-4A8D-ACED-11E6F7FBD4FA}.Release|Any CPU.Build.0 = Release|Any CPU
		{69847957-B447-4A8D-ACED-11E6F7FBD4FA}.Release|iPhone.ActiveCfg = Release|Any CPU
		{69847957-B447-4A8D-ACED-11E6F7FBD4FA}.Release|iPhone.Build.0 = Release|Any CPU
		{69847957-B447-4A8D-ACED-11E6F7FBD4FA}.Release|iPhoneSimulator.ActiveCfg = Release|Any CPU
		{69847957-B447-4A8D-ACED-11E6F7FBD4FA}.Release|iPhoneSimulator.Build.0 = Release|Any CPU
	EndGlobalSection
	GlobalSection(SolutionProperties) = preSolution
		HideSolutionNode = FALSE
	EndGlobalSection
	GlobalSection(ExtensibilityGlobals) = postSolution
		SolutionGuid = {A1988E6F-A8F4-44F9-BC32-DC3A9696D91E}
	EndGlobalSection
EndGlobal
